// !$*UTF8*$!
{
	archiveVersion = 1;
	classes = {
	};
	objectVersion = 56;
	objects = {

/* Begin PBXBuildFile section */
		2E425C672B9180F1001E365A /* AppDelegate.swift in Sources */ = {isa = PBXBuildFile; fileRef = 2E425C662B9180F1001E365A /* AppDelegate.swift */; };
		2E425C692B9180F1001E365A /* SceneDelegate.swift in Sources */ = {isa = PBXBuildFile; fileRef = 2E425C682B9180F1001E365A /* SceneDelegate.swift */; };
		2E425C6B2B9180F1001E365A /* ViewController.swift in Sources */ = {isa = PBXBuildFile; fileRef = 2E425C6A2B9180F1001E365A /* ViewController.swift */; };
		2E425C6E2B9180F1001E365A /* Main.storyboard in Resources */ = {isa = PBXBuildFile; fileRef = 2E425C6C2B9180F1001E365A /* Main.storyboard */; };
		2E425C702B9180F2001E365A /* Assets.xcassets in Resources */ = {isa = PBXBuildFile; fileRef = 2E425C6F2B9180F2001E365A /* Assets.xcassets */; };
		2E425C732B9180F2001E365A /* LaunchScreen.storyboard in Resources */ = {isa = PBXBuildFile; fileRef = 2E425C712B9180F2001E365A /* LaunchScreen.storyboard */; };
		2E425C7E2B91929F001E365A /* Person.swift in Sources */ = {isa = PBXBuildFile; fileRef = 2E425C7D2B91929F001E365A /* Person.swift */; };
		2E425C812B919364001E365A /* Point.swift in Sources */ = {isa = PBXBuildFile; fileRef = 2E425C802B919364001E365A /* Point.swift */; };
		2E425C842B91A188001E365A /* MathOperation.swift in Sources */ = {isa = PBXBuildFile; fileRef = 2E425C832B91A188001E365A /* MathOperation.swift */; };
/* End PBXBuildFile section */

/* Begin PBXFileReference section */
		2E425C632B9180F1001E365A /* Swift_syntax.app */ = {isa = PBXFileReference; explicitFileType = wrapper.application; includeInIndex = 0; path = Swift_syntax.app; sourceTree = BUILT_PRODUCTS_DIR; };
		2E425C662B9180F1001E365A /* AppDelegate.swift */ = {isa = PBXFileReference; lastKnownFileType = sourcecode.swift; path = AppDelegate.swift; sourceTree = "<group>"; };
		2E425C682B9180F1001E365A /* SceneDelegate.swift */ = {isa = PBXFileReference; lastKnownFileType = sourcecode.swift; path = SceneDelegate.swift; sourceTree = "<group>"; };
		2E425C6A2B9180F1001E365A /* ViewController.swift */ = {isa = PBXFileReference; lastKnownFileType = sourcecode.swift; path = ViewController.swift; sourceTree = "<group>"; };
		2E425C6D2B9180F1001E365A /* Base */ = {isa = PBXFileReference; lastKnownFileType = file.storyboard; name = Base; path = Base.lproj/Main.storyboard; sourceTree = "<group>"; };
		2E425C6F2B9180F2001E365A /* Assets.xcassets */ = {isa = PBXFileReference; lastKnownFileType = folder.assetcatalog; path = Assets.xcassets; sourceTree = "<group>"; };
		2E425C722B9180F2001E365A /* Base */ = {isa = PBXFileReference; lastKnownFileType = file.storyboard; name = Base; path = Base.lproj/LaunchScreen.storyboard; sourceTree = "<group>"; };
		2E425C742B9180F2001E365A /* Info.plist */ = {isa = PBXFileReference; lastKnownFileType = text.plist.xml; path = Info.plist; sourceTree = "<group>"; };
		2E425C7D2B91929F001E365A /* Person.swift */ = {isa = PBXFileReference; lastKnownFileType = sourcecode.swift; path = Person.swift; sourceTree = "<group>"; };
		2E425C802B919364001E365A /* Point.swift */ = {isa = PBXFileReference; lastKnownFileType = sourcecode.swift; path = Point.swift; sourceTree = "<group>"; };
		2E425C832B91A188001E365A /* MathOperation.swift */ = {isa = PBXFileReference; lastKnownFileType = sourcecode.swift; path = MathOperation.swift; sourceTree = "<group>"; };
/* End PBXFileReference section */

/* Begin PBXFrameworksBuildPhase section */
		2E425C602B9180F1001E365A /* Frameworks */ = {
			isa = PBXFrameworksBuildPhase;
			buildActionMask = 2147483647;
			files = (
			);
			runOnlyForDeploymentPostprocessing = 0;
		};
/* End PBXFrameworksBuildPhase section */

/* Begin PBXGroup section */
		2E425C5A2B9180F1001E365A = {
			isa = PBXGroup;
			children = (
				2E425C652B9180F1001E365A /* Swift_syntax */,
				2E425C642B9180F1001E365A /* Products */,
			);
			sourceTree = "<group>";
		};
		2E425C642B9180F1001E365A /* Products */ = {
			isa = PBXGroup;
			children = (
				2E425C632B9180F1001E365A /* Swift_syntax.app */,
			);
			name = Products;
			sourceTree = "<group>";
		};
		2E425C652B9180F1001E365A /* Swift_syntax */ = {
			isa = PBXGroup;
			children = (
				2E425C822B91A14D001E365A /* enums */,
				2E425C7F2B919334001E365A /* Structures */,
				2E425C7A2B9191C7001E365A /*  Classes */,
				2E425C662B9180F1001E365A /* AppDelegate.swift */,
				2E425C682B9180F1001E365A /* SceneDelegate.swift */,
				2E425C6A2B9180F1001E365A /* ViewController.swift */,
				2E425C6C2B9180F1001E365A /* Main.storyboard */,
				2E425C6F2B9180F2001E365A /* Assets.xcassets */,
				2E425C712B9180F2001E365A /* LaunchScreen.storyboard */,
				2E425C742B9180F2001E365A /* Info.plist */,
			);
			path = Swift_syntax;
			sourceTree = "<group>";
		};
		2E425C7A2B9191C7001E365A /*  Classes */ = {
			isa = PBXGroup;
			children = (
				2E425C7D2B91929F001E365A /* Person.swift */,
			);
			path = " Classes";
			sourceTree = "<group>";
		};
		2E425C7F2B919334001E365A /* Structures */ = {
			isa = PBXGroup;
			children = (
				2E425C802B919364001E365A /* Point.swift */,
			);
			path = Structures;
			sourceTree = "<group>";
		};
		2E425C822B91A14D001E365A /* enums */ = {
			isa = PBXGroup;
			children = (
				2E425C832B91A188001E365A /* MathOperation.swift */,
			);
			path = enums;
			sourceTree = "<group>";
		};
/* End PBXGroup section */

/* Begin PBXNativeTarget section */
		2E425C622B9180F1001E365A /* Swift_syntax */ = {
			isa = PBXNativeTarget;
			buildConfigurationList = 2E425C772B9180F2001E365A /* Build configuration list for PBXNativeTarget "Swift_syntax" */;
			buildPhases = (
				2E425C5F2B9180F1001E365A /* Sources */,
				2E425C602B9180F1001E365A /* Frameworks */,
				2E425C612B9180F1001E365A /* Resources */,
			);
			buildRules = (
			);
			dependencies = (
			);
			name = Swift_syntax;
			productName = Swift_syntax;
			productReference = 2E425C632B9180F1001E365A /* Swift_syntax.app */;
			productType = "com.apple.product-type.application";
		};
/* End PBXNativeTarget section */

/* Begin PBXProject section */
		2E425C5B2B9180F1001E365A /* Project object */ = {
			isa = PBXProject;
			attributes = {
				BuildIndependentTargetsInParallel = 1;
				LastSwiftUpdateCheck = 1520;
				LastUpgradeCheck = 1520;
				TargetAttributes = {
					2E425C622B9180F1001E365A = {
						CreatedOnToolsVersion = 15.2;
					};
				};
			};
			buildConfigurationList = 2E425C5E2B9180F1001E365A /* Build configuration list for PBXProject "Swift_syntax" */;
			compatibilityVersion = "Xcode 14.0";
			developmentRegion = en;
			hasScannedForEncodings = 0;
			knownRegions = (
				en,
				Base,
			);
			mainGroup = 2E425C5A2B9180F1001E365A;
			productRefGroup = 2E425C642B9180F1001E365A /* Products */;
			projectDirPath = "";
			projectRoot = "";
			targets = (
				2E425C622B9180F1001E365A /* Swift_syntax */,
			);
		};
/* End PBXProject section */

/* Begin PBXResourcesBuildPhase section */
		2E425C612B9180F1001E365A /* Resources */ = {
			isa = PBXResourcesBuildPhase;
			buildActionMask = 2147483647;
			files = (
				2E425C732B9180F2001E365A /* LaunchScreen.storyboard in Resources */,
				2E425C702B9180F2001E365A /* Assets.xcassets in Resources */,
				2E425C6E2B9180F1001E365A /* Main.storyboard in Resources */,
			);
			runOnlyForDeploymentPostprocessing = 0;
		};
/* End PBXResourcesBuildPhase section */

/* Begin PBXSourcesBuildPhase section */
		2E425C5F2B9180F1001E365A /* Sources */ = {
			isa = PBXSourcesBuildPhase;
			buildActionMask = 2147483647;
			files = (
				2E425C6B2B9180F1001E365A /* ViewController.swift in Sources */,
				2E425C812B919364001E365A /* Point.swift in Sources */,
				2E425C672B9180F1001E365A /* AppDelegate.swift in Sources */,
				2E425C7E2B91929F001E365A /* Person.swift in Sources */,
				2E425C692B9180F1001E365A /* SceneDelegate.swift in Sources */,
				2E425C842B91A188001E365A /* MathOperation.swift in Sources */,
			);
			runOnlyForDeploymentPostprocessing = 0;
		};
/* End PBXSourcesBuildPhase section */

/* Begin PBXVariantGroup section */
		2E425C6C2B9180F1001E365A /* Main.storyboard */ = {
			isa = PBXVariantGroup;
			children = (
				2E425C6D2B9180F1001E365A /* Base */,
			);
			name = Main.storyboard;
			sourceTree = "<group>";
		};
		2E425C712B9180F2001E365A /* LaunchScreen.storyboard */ = {
			isa = PBXVariantGroup;
			children = (
				2E425C722B9180F2001E365A /* Base */,
			);
			name = LaunchScreen.storyboard;
			sourceTree = "<group>";
		};
/* End PBXVariantGroup section */

/* Begin XCBuildConfiguration section */
		2E425C752B9180F2001E365A /* Debug */ = {
			isa = XCBuildConfiguration;
			buildSettings = {
				ALWAYS_SEARCH_USER_PATHS = NO;
				ASSETCATALOG_COMPILER_GENERATE_SWIFT_ASSET_SYMBOL_EXTENSIONS = YES;
				CLANG_ANALYZER_NONNULL = YES;
				CLANG_ANALYZER_NUMBER_OBJECT_CONVERSION = YES_AGGRESSIVE;
				CLANG_CXX_LANGUAGE_STANDARD = "gnu++20";
				CLANG_ENABLE_MODULES = YES;
				CLANG_ENABLE_OBJC_ARC = YES;
				CLANG_ENABLE_OBJC_WEAK = YES;
				CLANG_WARN_BLOCK_CAPTURE_AUTORELEASING = YES;
				CLANG_WARN_BOOL_CONVERSION = YES;
				CLANG_WARN_COMMA = YES;
				CLANG_WARN_CONSTANT_CONVERSION = YES;
				CLANG_WARN_DEPRECATED_OBJC_IMPLEMENTATIONS = YES;
				CLANG_WARN_DIRECT_OBJC_ISA_USAGE = YES_ERROR;
				CLANG_WARN_DOCUMENTATION_COMMENTS = YES;
				CLANG_WARN_EMPTY_BODY = YES;
				CLANG_WARN_ENUM_CONVERSION = YES;
				CLANG_WARN_INFINITE_RECURSION = YES;
				CLANG_WARN_INT_CONVERSION = YES;
				CLANG_WARN_NON_LITERAL_NULL_CONVERSION = YES;
				CLANG_WARN_OBJC_IMPLICIT_RETAIN_SELF = YES;
				CLANG_WARN_OBJC_LITERAL_CONVERSION = YES;
				CLANG_WARN_OBJC_ROOT_CLASS = YES_ERROR;
				CLANG_WARN_QUOTED_INCLUDE_IN_FRAMEWORK_HEADER = YES;
				CLANG_WARN_RANGE_LOOP_ANALYSIS = YES;
				CLANG_WARN_STRICT_PROTOTYPES = YES;
				CLANG_WARN_SUSPICIOUS_MOVE = YES;
				CLANG_WARN_UNGUARDED_AVAILABILITY = YES_AGGRESSIVE;
				CLANG_WARN_UNREACHABLE_CODE = YES;
				CLANG_WARN__DUPLICATE_METHOD_MATCH = YES;
				COPY_PHASE_STRIP = NO;
				DEBUG_INFORMATION_FORMAT = dwarf;
				ENABLE_STRICT_OBJC_MSGSEND = YES;
				ENABLE_TESTABILITY = YES;
				ENABLE_USER_SCRIPT_SANDBOXING = YES;
				GCC_C_LANGUAGE_STANDARD = gnu17;
				GCC_DYNAMIC_NO_PIC = NO;
				GCC_NO_COMMON_BLOCKS = YES;
				GCC_OPTIMIZATION_LEVEL = 0;
				GCC_PREPROCESSOR_DEFINITIONS = (
					"DEBUG=1",
					"$(inherited)",
				);
				GCC_WARN_64_TO_32_BIT_CONVERSION = YES;
				GCC_WARN_ABOUT_RETURN_TYPE = YES_ERROR;
				GCC_WARN_UNDECLARED_SELECTOR = YES;
				GCC_WARN_UNINITIALIZED_AUTOS = YES_AGGRESSIVE;
				GCC_WARN_UNUSED_FUNCTION = YES;
				GCC_WARN_UNUSED_VARIABLE = YES;
				IPHONEOS_DEPLOYMENT_TARGET = 17.2;
				LOCALIZATION_PREFERS_STRING_CATALOGS = YES;
				MTL_ENABLE_DEBUG_INFO = INCLUDE_SOURCE;
				MTL_FAST_MATH = YES;
				ONLY_ACTIVE_ARCH = YES;
				SDKROOT = iphoneos;
				SWIFT_ACTIVE_COMPILATION_CONDITIONS = "DEBUG $(inherited)";
				SWIFT_OPTIMIZATION_LEVEL = "-Onone";
			};
			name = Debug;
		};
		2E425C762B9180F2001E365A /* Release */ = {
			isa = XCBuildConfiguration;
			buildSettings = {
				ALWAYS_SEARCH_USER_PATHS = NO;
				ASSETCATALOG_COMPILER_GENERATE_SWIFT_ASSET_SYMBOL_EXTENSIONS = YES;
				CLANG_ANALYZER_NONNULL = YES;
				CLANG_ANALYZER_NUMBER_OBJECT_CONVERSION = YES_AGGRESSIVE;
				CLANG_CXX_LANGUAGE_STANDARD = "gnu++20";
				CLANG_ENABLE_MODULES = YES;
				CLANG_ENABLE_OBJC_ARC = YES;
				CLANG_ENABLE_OBJC_WEAK = YES;
				CLANG_WARN_BLOCK_CAPTURE_AUTORELEASING = YES;
				CLANG_WARN_BOOL_CONVERSION = YES;
				CLANG_WARN_COMMA = YES;
				CLANG_WARN_CONSTANT_CONVERSION = YES;
				CLANG_WARN_DEPRECATED_OBJC_IMPLEMENTATIONS = YES;
				CLANG_WARN_DIRECT_OBJC_ISA_USAGE = YES_ERROR;
				CLANG_WARN_DOCUMENTATION_COMMENTS = YES;
				CLANG_WARN_EMPTY_BODY = YES;
				CLANG_WARN_ENUM_CONVERSION = YES;
				CLANG_WARN_INFINITE_RECURSION = YES;
				CLANG_WARN_INT_CONVERSION = YES;
				CLANG_WARN_NON_LITERAL_NULL_CONVERSION = YES;
				CLANG_WARN_OBJC_IMPLICIT_RETAIN_SELF = YES;
				CLANG_WARN_OBJC_LITERAL_CONVERSION = YES;
				CLANG_WARN_OBJC_ROOT_CLASS = YES_ERROR;
				CLANG_WARN_QUOTED_INCLUDE_IN_FRAMEWORK_HEADER = YES;
				CLANG_WARN_RANGE_LOOP_ANALYSIS = YES;
				CLANG_WARN_STRICT_PROTOTYPES = YES;
				CLANG_WARN_SUSPICIOUS_MOVE = YES;
				CLANG_WARN_UNGUARDED_AVAILABILITY = YES_AGGRESSIVE;
				CLANG_WARN_UNREACHABLE_CODE = YES;
				CLANG_WARN__DUPLICATE_METHOD_MATCH = YES;
				COPY_PHASE_STRIP = NO;
				DEBUG_INFORMATION_FORMAT = "dwarf-with-dsym";
				ENABLE_NS_ASSERTIONS = NO;
				ENABLE_STRICT_OBJC_MSGSEND = YES;
				ENABLE_USER_SCRIPT_SANDBOXING = YES;
				GCC_C_LANGUAGE_STANDARD = gnu17;
				GCC_NO_COMMON_BLOCKS = YES;
				GCC_WARN_64_TO_32_BIT_CONVERSION = YES;
				GCC_WARN_ABOUT_RETURN_TYPE = YES_ERROR;
				GCC_WARN_UNDECLARED_SELECTOR = YES;
				GCC_WARN_UNINITIALIZED_AUTOS = YES_AGGRESSIVE;
				GCC_WARN_UNUSED_FUNCTION = YES;
				GCC_WARN_UNUSED_VARIABLE = YES;
				IPHONEOS_DEPLOYMENT_TARGET = 17.2;
				LOCALIZATION_PREFERS_STRING_CATALOGS = YES;
				MTL_ENABLE_DEBUG_INFO = NO;
				MTL_FAST_MATH = YES;
				SDKROOT = iphoneos;
				SWIFT_COMPILATION_MODE = wholemodule;
				VALIDATE_PRODUCT = YES;
			};
			name = Release;
		};
		2E425C782B9180F2001E365A /* Debug */ = {
			isa = XCBuildConfiguration;
			buildSettings = {
				ASSETCATALOG_COMPILER_APPICON_NAME = AppIcon;
				ASSETCATALOG_COMPILER_GLOBAL_ACCENT_COLOR_NAME = AccentColor;
				CODE_SIGN_STYLE = Automatic;
				CURRENT_PROJECT_VERSION = 1;
				GENERATE_INFOPLIST_FILE = YES;
				INFOPLIST_FILE = Swift_syntax/Info.plist;
				INFOPLIST_KEY_UIApplicationSupportsIndirectInputEvents = YES;
				INFOPLIST_KEY_UILaunchStoryboardName = LaunchScreen;
				INFOPLIST_KEY_UIMainStoryboardFile = Main;
				INFOPLIST_KEY_UISupportedInterfaceOrientations_iPad = "UIInterfaceOrientationPortrait UIInterfaceOrientationPortraitUpsideDown UIInterfaceOrientationLandscapeLeft UIInterfaceOrientationLandscapeRight";
				INFOPLIST_KEY_UISupportedInterfaceOrientations_iPhone = "UIInterfaceOrientationPortrait UIInterfaceOrientationLandscapeLeft UIInterfaceOrientationLandscapeRight";
				LD_RUNPATH_SEARCH_PATHS = (
					"$(inherited)",
					"@executable_path/Frameworks",
				);
				MARKETING_VERSION = 1.0;
				PRODUCT_BUNDLE_IDENTIFIER = "huy.Swift-syntax";
				PRODUCT_NAME = "$(TARGET_NAME)";
				SWIFT_EMIT_LOC_STRINGS = YES;
				SWIFT_VERSION = 5.0;
				TARGETED_DEVICE_FAMILY = "1,2";
			};
			name = Debug;
		};
		2E425C792B9180F2001E365A /* Release */ = {
			isa = XCBuildConfiguration;
			buildSettings = {
				ASSETCATALOG_COMPILER_APPICON_NAME = AppIcon;
				ASSETCATALOG_COMPILER_GLOBAL_ACCENT_COLOR_NAME = AccentColor;
				CODE_SIGN_STYLE = Automatic;
				CURRENT_PROJECT_VERSION = 1;
				GENERATE_INFOPLIST_FILE = YES;
				INFOPLIST_FILE = Swift_syntax/Info.plist;
				INFOPLIST_KEY_UIApplicationSupportsIndirectInputEvents = YES;
				INFOPLIST_KEY_UILaunchStoryboardName = LaunchScreen;
				INFOPLIST_KEY_UIMainStoryboardFile = Main;
				INFOPLIST_KEY_UISupportedInterfaceOrientations_iPad = "UIInterfaceOrientationPortrait UIInterfaceOrientationPortraitUpsideDown UIInterfaceOrientationLandscapeLeft UIInterfaceOrientationLandscapeRight";
				INFOPLIST_KEY_UISupportedInterfaceOrientations_iPhone = "UIInterfaceOrientationPortrait UIInterfaceOrientationLandscapeLeft UIInterfaceOrientationLandscapeRight";
				LD_RUNPATH_SEARCH_PATHS = (
					"$(inherited)",
					"@executable_path/Frameworks",
				);
				MARKETING_VERSION = 1.0;
				PRODUCT_BUNDLE_IDENTIFIER = "huy.Swift-syntax";
				PRODUCT_NAME = "$(TARGET_NAME)";
				SWIFT_EMIT_LOC_STRINGS = YES;
				SWIFT_VERSION = 5.0;
				TARGETED_DEVICE_FAMILY = "1,2";
			};
			name = Release;
		};
/* End XCBuildConfiguration section */

/* Begin XCConfigurationList section */
		2E425C5E2B9180F1001E365A /* Build configuration list for PBXProject "Swift_syntax" */ = {
			isa = XCConfigurationList;
			buildConfigurations = (
				2E425C752B9180F2001E365A /* Debug */,
				2E425C762B9180F2001E365A /* Release */,
			);
			defaultConfigurationIsVisible = 0;
			defaultConfigurationName = Release;
		};
		2E425C772B9180F2001E365A /* Build configuration list for PBXNativeTarget "Swift_syntax" */ = {
			isa = XCConfigurationList;
			buildConfigurations = (
				2E425C782B9180F2001E365A /* Debug */,
				2E425C792B9180F2001E365A /* Release */,
			);
			defaultConfigurationIsVisible = 0;
			defaultConfigurationName = Release;
		};
/* End XCConfigurationList section */
	};
	rootObject = 2E425C5B2B9180F1001E365A /* Project object */;
}
